
Microsoft Visual Studio Solution File, Format Version 12.00
# Visual Studio Version 17
VisualStudioVersion = 17.10.34902.84
MinimumVisualStudioVersion = 10.0.40219.1
Project("{FAE04EC0-301F-11D3-BF4B-00C04F79EFBC}") = "UnoPlatformSingleProject", "UnoPlatformSingleProject\UnoPlatformSingleProject.csproj", "{58BC8A04-A229-432B-A4BD-F697317A6D85}"
EndProject
Project("{2150E333-8FDC-42A3-9474-1A3956D46DE8}") = "Solution Items", "Solution Items", "{2FDA5B18-EAA7-4EF5-8ABD-396D499FF3D0}"
	ProjectSection(SolutionItems) = preProject
		.gitignore = .gitignore
		Directory.Build.props = Directory.Build.props
		Directory.Build.targets = Directory.Build.targets
		Directory.Packages.props = Directory.Packages.props
		global.json = global.json
	EndProjectSection
EndProject
Global
	GlobalSection(SolutionConfigurationPlatforms) = preSolution
		Debug|Any CPU = Debug|Any CPU
		Release|Any CPU = Release|Any CPU
	EndGlobalSection
	GlobalSection(ProjectConfigurationPlatforms) = postSolution
		{58BC8A04-A229-432B-A4BD-F697317A6D85}.Debug|Any CPU.ActiveCfg = Debug|Any CPU
		{58BC8A04-A229-432B-A4BD-F697317A6D85}.Debug|Any CPU.Build.0 = Debug|Any CPU
		{58BC8A04-A229-432B-A4BD-F697317A6D85}.Debug|Any CPU.Deploy.0 = Debug|Any CPU
		{58BC8A04-A229-432B-A4BD-F697317A6D85}.Release|Any CPU.ActiveCfg = Release|Any CPU
		{58BC8A04-A229-432B-A4BD-F697317A6D85}.Release|Any CPU.Build.0 = Release|Any CPU
		{58BC8A04-A229-432B-A4BD-F697317A6D85}.Release|Any CPU.Deploy.0 = Release|Any CPU
	EndGlobalSection
	GlobalSection(SolutionProperties) = preSolution
		HideSolutionNode = FALSE
	EndGlobalSection
	GlobalSection(ExtensibilityGlobals) = postSolution
		SolutionGuid = {FFA33C29-22C4-4E88-8F2E-1C105F413B66}
	EndGlobalSection
EndGlobal
